
Microsoft Visual Studio Solution File, Format Version 12.00
# Visual Studio Version 16
VisualStudioVersion = 16.0.31729.503
MinimumVisualStudioVersion = 10.0.40219.1
Project("{FAE04EC0-301F-11D3-BF4B-00C04F79EFBC}") = "AdventOfCode4", "AdventOfCode4\AdventOfCode4.csproj", "{37BB20C4-26B1-4804-8855-7DC819E901A1}"
EndProject
Global
	GlobalSection(SolutionConfigurationPlatforms) = preSolution
		Debug|Any CPU = Debug|Any CPU
		Release|Any CPU = Release|Any CPU
	EndGlobalSection
	GlobalSection(ProjectConfigurationPlatforms) = postSolution
		{37BB20C4-26B1-4804-8855-7DC819E901A1}.Debug|Any CPU.ActiveCfg = Debug|Any CPU
		{37BB20C4-26B1-4804-8855-7DC819E901A1}.Debug|Any CPU.Build.0 = Debug|Any CPU
		{37BB20C4-26B1-4804-8855-7DC819E901A1}.Release|Any CPU.ActiveCfg = Release|Any CPU
		{37BB20C4-26B1-4804-8855-7DC819E901A1}.Release|Any CPU.Build.0 = Release|Any CPU
	EndGlobalSection
	GlobalSection(SolutionProperties) = preSolution
		HideSolutionNode = FALSE
	EndGlobalSection
	GlobalSection(ExtensibilityGlobals) = postSolution
		SolutionGuid = {DB80388D-B555-4020-8FDA-DA82BA118D5E}
	EndGlobalSection
EndGlobal
