
Microsoft Visual Studio Solution File, Format Version 12.00
# Visual Studio Version 16
VisualStudioVersion = 16.0.30225.117
MinimumVisualStudioVersion = 10.0.40219.1
Project("{FAE04EC0-301F-11D3-BF4B-00C04F79EFBC}") = "AdventOfCode2", "AdventOfCode2\AdventOfCode2.csproj", "{78DE1E42-FF83-4835-AD3F-61A2EDA5643F}"
EndProject
Global
	GlobalSection(SolutionConfigurationPlatforms) = preSolution
		Debug|Any CPU = Debug|Any CPU
		Release|Any CPU = Release|Any CPU
	EndGlobalSection
	GlobalSection(ProjectConfigurationPlatforms) = postSolution
		{78DE1E42-FF83-4835-AD3F-61A2EDA5643F}.Debug|Any CPU.ActiveCfg = Debug|Any CPU
		{78DE1E42-FF83-4835-AD3F-61A2EDA5643F}.Debug|Any CPU.Build.0 = Debug|Any CPU
		{78DE1E42-FF83-4835-AD3F-61A2EDA5643F}.Release|Any CPU.ActiveCfg = Release|Any CPU
		{78DE1E42-FF83-4835-AD3F-61A2EDA5643F}.Release|Any CPU.Build.0 = Release|Any CPU
	EndGlobalSection
	GlobalSection(SolutionProperties) = preSolution
		HideSolutionNode = FALSE
	EndGlobalSection
	GlobalSection(ExtensibilityGlobals) = postSolution
		SolutionGuid = {C776A961-41FC-4064-9E61-5FD1B5738B16}
	EndGlobalSection
EndGlobal
